
Microsoft Visual Studio Solution File, Format Version 12.00
# Visual Studio Version 17
VisualStudioVersion = 17.14.36511.14
MinimumVisualStudioVersion = 10.0.40219.1
Project("{FAE04EC0-301F-11D3-BF4B-00C04F79EFBC}") = "ProgEvent_Séance2_25-26", "ProgEvent_Séance2_25-26.csproj", "{A1DDF153-BCAF-4667-A405-9A74405BB032}"
EndProject
Project("{FAE04EC0-301F-11D3-BF4B-00C04F79EFBC}") = "Mes_Controles", "..\..\Séance11\Mes_Controles\Mes_Controles.csproj", "{5C9E246F-5880-479F-5F3E-905A248E148B}"
EndProject
Global
	GlobalSection(SolutionConfigurationPlatforms) = preSolution
		Debug|Any CPU = Debug|Any CPU
		Release|Any CPU = Release|Any CPU
	EndGlobalSection
	GlobalSection(ProjectConfigurationPlatforms) = postSolution
		{A1DDF153-BCAF-4667-A405-9A74405BB032}.Debug|Any CPU.ActiveCfg = Debug|Any CPU
		{A1DDF153-BCAF-4667-A405-9A74405BB032}.Debug|Any CPU.Build.0 = Debug|Any CPU
		{A1DDF153-BCAF-4667-A405-9A74405BB032}.Release|Any CPU.ActiveCfg = Release|Any CPU
		{A1DDF153-BCAF-4667-A405-9A74405BB032}.Release|Any CPU.Build.0 = Release|Any CPU
		{5C9E246F-5880-479F-5F3E-905A248E148B}.Debug|Any CPU.ActiveCfg = Debug|Any CPU
		{5C9E246F-5880-479F-5F3E-905A248E148B}.Debug|Any CPU.Build.0 = Debug|Any CPU
		{5C9E246F-5880-479F-5F3E-905A248E148B}.Release|Any CPU.ActiveCfg = Release|Any CPU
		{5C9E246F-5880-479F-5F3E-905A248E148B}.Release|Any CPU.Build.0 = Release|Any CPU
	EndGlobalSection
	GlobalSection(SolutionProperties) = preSolution
		HideSolutionNode = FALSE
	EndGlobalSection
	GlobalSection(ExtensibilityGlobals) = postSolution
		SolutionGuid = {5688058C-57D3-43A8-BBF2-7F43999C975B}
	EndGlobalSection
EndGlobal
